// !$*UTF8*$!
{
	archiveVersion = 1;
	classes = {
	};
	objectVersion = 50;
	objects = {

/* Begin PBXBuildFile section */
		B53DE5DD21E4B17C001DE422 /* AppDelegate.swift in Sources */ = {isa = PBXBuildFile; fileRef = B53DE5DC21E4B17C001DE422 /* AppDelegate.swift */; };
		B53DE5DF21E4B17C001DE422 /* GeofenceViewController.swift in Sources */ = {isa = PBXBuildFile; fileRef = B53DE5DE21E4B17C001DE422 /* GeofenceViewController.swift */; };
		B53DE5E221E4B17C001DE422 /* GeofenceViewController.storyboard in Resources */ = {isa = PBXBuildFile; fileRef = B53DE5E021E4B17C001DE422 /* GeofenceViewController.storyboard */; };
		B53DE5E421E4B17E001DE422 /* Assets.xcassets in Resources */ = {isa = PBXBuildFile; fileRef = B53DE5E321E4B17E001DE422 /* Assets.xcassets */; };
		B53DE5E721E4B17E001DE422 /* LaunchScreen.storyboard in Resources */ = {isa = PBXBuildFile; fileRef = B53DE5E521E4B17E001DE422 /* LaunchScreen.storyboard */; };
		B53DE5F221E4B17E001DE422 /* GeofenceAppTests.swift in Sources */ = {isa = PBXBuildFile; fileRef = B53DE5F121E4B17E001DE422 /* GeofenceAppTests.swift */; };
		B53DE5FE21E4B43F001DE422 /* StoryboardInstantiable.swift in Sources */ = {isa = PBXBuildFile; fileRef = B53DE5FD21E4B43F001DE422 /* StoryboardInstantiable.swift */; };
		B53DE60521E4B5BE001DE422 /* GeofenceScreenFactory.swift in Sources */ = {isa = PBXBuildFile; fileRef = B53DE60421E4B5BE001DE422 /* GeofenceScreenFactory.swift */; };
		B53DE60721E4B6C7001DE422 /* GeofenceViewModel.swift in Sources */ = {isa = PBXBuildFile; fileRef = B53DE60621E4B6C7001DE422 /* GeofenceViewModel.swift */; };
		B53DE60A21E4F40D001DE422 /* GeofenceLocationService.swift in Sources */ = {isa = PBXBuildFile; fileRef = B53DE60921E4F40D001DE422 /* GeofenceLocationService.swift */; };
/* End PBXBuildFile section */

/* Begin PBXContainerItemProxy section */
		B53DE5EE21E4B17E001DE422 /* PBXContainerItemProxy */ = {
			isa = PBXContainerItemProxy;
			containerPortal = B53DE5D121E4B17B001DE422 /* Project object */;
			proxyType = 1;
			remoteGlobalIDString = B53DE5D821E4B17C001DE422;
			remoteInfo = GeofenceApp;
		};
/* End PBXContainerItemProxy section */

/* Begin PBXFileReference section */
		B53DE5D921E4B17C001DE422 /* GeofenceApp.app */ = {isa = PBXFileReference; explicitFileType = wrapper.application; includeInIndex = 0; path = GeofenceApp.app; sourceTree = BUILT_PRODUCTS_DIR; };
		B53DE5DC21E4B17C001DE422 /* AppDelegate.swift */ = {isa = PBXFileReference; lastKnownFileType = sourcecode.swift; path = AppDelegate.swift; sourceTree = "<group>"; };
		B53DE5DE21E4B17C001DE422 /* GeofenceViewController.swift */ = {isa = PBXFileReference; lastKnownFileType = sourcecode.swift; path = GeofenceViewController.swift; sourceTree = "<group>"; };
		B53DE5E121E4B17C001DE422 /* Base */ = {isa = PBXFileReference; lastKnownFileType = file.storyboard; name = Base; path = Base.lproj/GeofenceViewController.storyboard; sourceTree = "<group>"; };
		B53DE5E321E4B17E001DE422 /* Assets.xcassets */ = {isa = PBXFileReference; lastKnownFileType = folder.assetcatalog; path = Assets.xcassets; sourceTree = "<group>"; };
		B53DE5E621E4B17E001DE422 /* Base */ = {isa = PBXFileReference; lastKnownFileType = file.storyboard; name = Base; path = Base.lproj/LaunchScreen.storyboard; sourceTree = "<group>"; };
		B53DE5E821E4B17E001DE422 /* Info.plist */ = {isa = PBXFileReference; lastKnownFileType = text.plist.xml; path = Info.plist; sourceTree = "<group>"; };
		B53DE5ED21E4B17E001DE422 /* GeofenceAppTests.xctest */ = {isa = PBXFileReference; explicitFileType = wrapper.cfbundle; includeInIndex = 0; path = GeofenceAppTests.xctest; sourceTree = BUILT_PRODUCTS_DIR; };
		B53DE5F121E4B17E001DE422 /* GeofenceAppTests.swift */ = {isa = PBXFileReference; lastKnownFileType = sourcecode.swift; path = GeofenceAppTests.swift; sourceTree = "<group>"; };
		B53DE5F321E4B17F001DE422 /* Info.plist */ = {isa = PBXFileReference; lastKnownFileType = text.plist.xml; path = Info.plist; sourceTree = "<group>"; };
		B53DE5FD21E4B43F001DE422 /* StoryboardInstantiable.swift */ = {isa = PBXFileReference; lastKnownFileType = sourcecode.swift; path = StoryboardInstantiable.swift; sourceTree = "<group>"; };
		B53DE60421E4B5BE001DE422 /* GeofenceScreenFactory.swift */ = {isa = PBXFileReference; lastKnownFileType = sourcecode.swift; path = GeofenceScreenFactory.swift; sourceTree = "<group>"; };
		B53DE60621E4B6C7001DE422 /* GeofenceViewModel.swift */ = {isa = PBXFileReference; lastKnownFileType = sourcecode.swift; path = GeofenceViewModel.swift; sourceTree = "<group>"; };
		B53DE60921E4F40D001DE422 /* GeofenceLocationService.swift */ = {isa = PBXFileReference; lastKnownFileType = sourcecode.swift; path = GeofenceLocationService.swift; sourceTree = "<group>"; };
/* End PBXFileReference section */

/* Begin PBXFrameworksBuildPhase section */
		B53DE5D621E4B17C001DE422 /* Frameworks */ = {
			isa = PBXFrameworksBuildPhase;
			buildActionMask = 2147483647;
			files = (
			);
			runOnlyForDeploymentPostprocessing = 0;
		};
		B53DE5EA21E4B17E001DE422 /* Frameworks */ = {
			isa = PBXFrameworksBuildPhase;
			buildActionMask = 2147483647;
			files = (
			);
			runOnlyForDeploymentPostprocessing = 0;
		};
/* End PBXFrameworksBuildPhase section */

/* Begin PBXGroup section */
		B53DE5D021E4B17B001DE422 = {
			isa = PBXGroup;
			children = (
				B53DE5DB21E4B17C001DE422 /* GeofenceApp */,
				B53DE5F021E4B17E001DE422 /* GeofenceAppTests */,
				B53DE5DA21E4B17C001DE422 /* Products */,
			);
			sourceTree = "<group>";
		};
		B53DE5DA21E4B17C001DE422 /* Products */ = {
			isa = PBXGroup;
			children = (
				B53DE5D921E4B17C001DE422 /* GeofenceApp.app */,
				B53DE5ED21E4B17E001DE422 /* GeofenceAppTests.xctest */,
			);
			name = Products;
			sourceTree = "<group>";
		};
		B53DE5DB21E4B17C001DE422 /* GeofenceApp */ = {
			isa = PBXGroup;
			children = (
				B53DE5FF21E4B575001DE422 /* Screens */,
				B53DE5FC21E4B42D001DE422 /* Protocols */,
				B53DE5DC21E4B17C001DE422 /* AppDelegate.swift */,
				B53DE5E321E4B17E001DE422 /* Assets.xcassets */,
				B53DE5E521E4B17E001DE422 /* LaunchScreen.storyboard */,
				B53DE5E821E4B17E001DE422 /* Info.plist */,
			);
			path = GeofenceApp;
			sourceTree = "<group>";
		};
		B53DE5F021E4B17E001DE422 /* GeofenceAppTests */ = {
			isa = PBXGroup;
			children = (
				B53DE5F121E4B17E001DE422 /* GeofenceAppTests.swift */,
				B53DE5F321E4B17F001DE422 /* Info.plist */,
			);
			path = GeofenceAppTests;
			sourceTree = "<group>";
		};
		B53DE5FC21E4B42D001DE422 /* Protocols */ = {
			isa = PBXGroup;
			children = (
				B53DE5FD21E4B43F001DE422 /* StoryboardInstantiable.swift */,
			);
			path = Protocols;
			sourceTree = "<group>";
		};
		B53DE5FF21E4B575001DE422 /* Screens */ = {
			isa = PBXGroup;
			children = (
				B53DE60021E4B575001DE422 /* Geofence */,
			);
			path = Screens;
			sourceTree = "<group>";
		};
		B53DE60021E4B575001DE422 /* Geofence */ = {
			isa = PBXGroup;
			children = (
				B53DE60421E4B5BE001DE422 /* GeofenceScreenFactory.swift */,
				B53DE60121E4B5A1001DE422 /* Model */,
				B53DE60321E4B5A1001DE422 /* View */,
				B53DE60221E4B5A1001DE422 /* ViewModel */,
				B53DE60821E4B727001DE422 /* Services */,
			);
			path = Geofence;
			sourceTree = "<group>";
		};
		B53DE60121E4B5A1001DE422 /* Model */ = {
			isa = PBXGroup;
			children = (
			);
			path = Model;
			sourceTree = "<group>";
		};
		B53DE60221E4B5A1001DE422 /* ViewModel */ = {
			isa = PBXGroup;
			children = (
				B53DE60621E4B6C7001DE422 /* GeofenceViewModel.swift */,
			);
			path = ViewModel;
			sourceTree = "<group>";
		};
		B53DE60321E4B5A1001DE422 /* View */ = {
			isa = PBXGroup;
			children = (
				B53DE5DE21E4B17C001DE422 /* GeofenceViewController.swift */,
				B53DE5E021E4B17C001DE422 /* GeofenceViewController.storyboard */,
			);
			path = View;
			sourceTree = "<group>";
		};
		B53DE60821E4B727001DE422 /* Services */ = {
			isa = PBXGroup;
			children = (
				B53DE60921E4F40D001DE422 /* GeofenceLocationService.swift */,
			);
			path = Services;
			sourceTree = "<group>";
		};
/* End PBXGroup section */

/* Begin PBXNativeTarget section */
		B53DE5D821E4B17C001DE422 /* GeofenceApp */ = {
			isa = PBXNativeTarget;
			buildConfigurationList = B53DE5F621E4B17F001DE422 /* Build configuration list for PBXNativeTarget "GeofenceApp" */;
			buildPhases = (
				B53DE5D521E4B17C001DE422 /* Sources */,
				B53DE5D621E4B17C001DE422 /* Frameworks */,
				B53DE5D721E4B17C001DE422 /* Resources */,
			);
			buildRules = (
			);
			dependencies = (
			);
			name = GeofenceApp;
			productName = GeofenceApp;
			productReference = B53DE5D921E4B17C001DE422 /* GeofenceApp.app */;
			productType = "com.apple.product-type.application";
		};
		B53DE5EC21E4B17E001DE422 /* GeofenceAppTests */ = {
			isa = PBXNativeTarget;
			buildConfigurationList = B53DE5F921E4B17F001DE422 /* Build configuration list for PBXNativeTarget "GeofenceAppTests" */;
			buildPhases = (
				B53DE5E921E4B17E001DE422 /* Sources */,
				B53DE5EA21E4B17E001DE422 /* Frameworks */,
				B53DE5EB21E4B17E001DE422 /* Resources */,
			);
			buildRules = (
			);
			dependencies = (
				B53DE5EF21E4B17E001DE422 /* PBXTargetDependency */,
			);
			name = GeofenceAppTests;
			productName = GeofenceAppTests;
			productReference = B53DE5ED21E4B17E001DE422 /* GeofenceAppTests.xctest */;
			productType = "com.apple.product-type.bundle.unit-test";
		};
/* End PBXNativeTarget section */

/* Begin PBXProject section */
		B53DE5D121E4B17B001DE422 /* Project object */ = {
			isa = PBXProject;
			attributes = {
				LastSwiftUpdateCheck = 1010;
				LastUpgradeCheck = 1010;
				ORGANIZATIONNAME = Andrii;
				TargetAttributes = {
					B53DE5D821E4B17C001DE422 = {
						CreatedOnToolsVersion = 10.1;
					};
					B53DE5EC21E4B17E001DE422 = {
						CreatedOnToolsVersion = 10.1;
						TestTargetID = B53DE5D821E4B17C001DE422;
					};
				};
			};
			buildConfigurationList = B53DE5D421E4B17B001DE422 /* Build configuration list for PBXProject "GeofenceApp" */;
			compatibilityVersion = "Xcode 9.3";
			developmentRegion = en;
			hasScannedForEncodings = 0;
			knownRegions = (
				en,
				Base,
			);
			mainGroup = B53DE5D021E4B17B001DE422;
			productRefGroup = B53DE5DA21E4B17C001DE422 /* Products */;
			projectDirPath = "";
			projectRoot = "";
			targets = (
				B53DE5D821E4B17C001DE422 /* GeofenceApp */,
				B53DE5EC21E4B17E001DE422 /* GeofenceAppTests */,
			);
		};
/* End PBXProject section */

/* Begin PBXResourcesBuildPhase section */
		B53DE5D721E4B17C001DE422 /* Resources */ = {
			isa = PBXResourcesBuildPhase;
			buildActionMask = 2147483647;
			files = (
				B53DE5E721E4B17E001DE422 /* LaunchScreen.storyboard in Resources */,
				B53DE5E421E4B17E001DE422 /* Assets.xcassets in Resources */,
				B53DE5E221E4B17C001DE422 /* GeofenceViewController.storyboard in Resources */,
			);
			runOnlyForDeploymentPostprocessing = 0;
		};
		B53DE5EB21E4B17E001DE422 /* Resources */ = {
			isa = PBXResourcesBuildPhase;
			buildActionMask = 2147483647;
			files = (
			);
			runOnlyForDeploymentPostprocessing = 0;
		};
/* End PBXResourcesBuildPhase section */

/* Begin PBXSourcesBuildPhase section */
		B53DE5D521E4B17C001DE422 /* Sources */ = {
			isa = PBXSourcesBuildPhase;
			buildActionMask = 2147483647;
			files = (
				B53DE60721E4B6C7001DE422 /* GeofenceViewModel.swift in Sources */,
				B53DE5DF21E4B17C001DE422 /* GeofenceViewController.swift in Sources */,
				B53DE5FE21E4B43F001DE422 /* StoryboardInstantiable.swift in Sources */,
				B53DE60521E4B5BE001DE422 /* GeofenceScreenFactory.swift in Sources */,
				B53DE60A21E4F40D001DE422 /* GeofenceLocationService.swift in Sources */,
				B53DE5DD21E4B17C001DE422 /* AppDelegate.swift in Sources */,
			);
			runOnlyForDeploymentPostprocessing = 0;
		};
		B53DE5E921E4B17E001DE422 /* Sources */ = {
			isa = PBXSourcesBuildPhase;
			buildActionMask = 2147483647;
			files = (
				B53DE5F221E4B17E001DE422 /* GeofenceAppTests.swift in Sources */,
			);
			runOnlyForDeploymentPostprocessing = 0;
		};
/* End PBXSourcesBuildPhase section */

/* Begin PBXTargetDependency section */
		B53DE5EF21E4B17E001DE422 /* PBXTargetDependency */ = {
			isa = PBXTargetDependency;
			target = B53DE5D821E4B17C001DE422 /* GeofenceApp */;
			targetProxy = B53DE5EE21E4B17E001DE422 /* PBXContainerItemProxy */;
		};
/* End PBXTargetDependency section */

/* Begin PBXVariantGroup section */
		B53DE5E021E4B17C001DE422 /* GeofenceViewController.storyboard */ = {
			isa = PBXVariantGroup;
			children = (
				B53DE5E121E4B17C001DE422 /* Base */,
			);
			name = GeofenceViewController.storyboard;
			sourceTree = "<group>";
		};
		B53DE5E521E4B17E001DE422 /* LaunchScreen.storyboard */ = {
			isa = PBXVariantGroup;
			children = (
				B53DE5E621E4B17E001DE422 /* Base */,
			);
			name = LaunchScreen.storyboard;
			sourceTree = "<group>";
		};
/* End PBXVariantGroup section */

/* Begin XCBuildConfiguration section */
		B53DE5F421E4B17F001DE422 /* Debug */ = {
			isa = XCBuildConfiguration;
			buildSettings = {
				ALWAYS_SEARCH_USER_PATHS = NO;
				CLANG_ANALYZER_NONNULL = YES;
				CLANG_ANALYZER_NUMBER_OBJECT_CONVERSION = YES_AGGRESSIVE;
				CLANG_CXX_LANGUAGE_STANDARD = "gnu++14";
				CLANG_CXX_LIBRARY = "libc++";
				CLANG_ENABLE_MODULES = YES;
				CLANG_ENABLE_OBJC_ARC = YES;
				CLANG_ENABLE_OBJC_WEAK = YES;
				CLANG_WARN_BLOCK_CAPTURE_AUTORELEASING = YES;
				CLANG_WARN_BOOL_CONVERSION = YES;
				CLANG_WARN_COMMA = YES;
				CLANG_WARN_CONSTANT_CONVERSION = YES;
				CLANG_WARN_DEPRECATED_OBJC_IMPLEMENTATIONS = YES;
				CLANG_WARN_DIRECT_OBJC_ISA_USAGE = YES_ERROR;
				CLANG_WARN_DOCUMENTATION_COMMENTS = YES;
				CLANG_WARN_EMPTY_BODY = YES;
				CLANG_WARN_ENUM_CONVERSION = YES;
				CLANG_WARN_INFINITE_RECURSION = YES;
				CLANG_WARN_INT_CONVERSION = YES;
				CLANG_WARN_NON_LITERAL_NULL_CONVERSION = YES;
				CLANG_WARN_OBJC_IMPLICIT_RETAIN_SELF = YES;
				CLANG_WARN_OBJC_LITERAL_CONVERSION = YES;
				CLANG_WARN_OBJC_ROOT_CLASS = YES_ERROR;
				CLANG_WARN_RANGE_LOOP_ANALYSIS = YES;
				CLANG_WARN_STRICT_PROTOTYPES = YES;
				CLANG_WARN_SUSPICIOUS_MOVE = YES;
				CLANG_WARN_UNGUARDED_AVAILABILITY = YES_AGGRESSIVE;
				CLANG_WARN_UNREACHABLE_CODE = YES;
				CLANG_WARN__DUPLICATE_METHOD_MATCH = YES;
				CODE_SIGN_IDENTITY = "iPhone Developer";
				COPY_PHASE_STRIP = NO;
				DEBUG_INFORMATION_FORMAT = dwarf;
				ENABLE_STRICT_OBJC_MSGSEND = YES;
				ENABLE_TESTABILITY = YES;
				GCC_C_LANGUAGE_STANDARD = gnu11;
				GCC_DYNAMIC_NO_PIC = NO;
				GCC_NO_COMMON_BLOCKS = YES;
				GCC_OPTIMIZATION_LEVEL = 0;
				GCC_PREPROCESSOR_DEFINITIONS = (
					"DEBUG=1",
					"$(inherited)",
				);
				GCC_WARN_64_TO_32_BIT_CONVERSION = YES;
				GCC_WARN_ABOUT_RETURN_TYPE = YES_ERROR;
				GCC_WARN_UNDECLARED_SELECTOR = YES;
				GCC_WARN_UNINITIALIZED_AUTOS = YES_AGGRESSIVE;
				GCC_WARN_UNUSED_FUNCTION = YES;
				GCC_WARN_UNUSED_VARIABLE = YES;
				IPHONEOS_DEPLOYMENT_TARGET = 12.1;
				MTL_ENABLE_DEBUG_INFO = INCLUDE_SOURCE;
				MTL_FAST_MATH = YES;
				ONLY_ACTIVE_ARCH = YES;
				SDKROOT = iphoneos;
				SWIFT_ACTIVE_COMPILATION_CONDITIONS = DEBUG;
				SWIFT_OPTIMIZATION_LEVEL = "-Onone";
			};
			name = Debug;
		};
		B53DE5F521E4B17F001DE422 /* Release */ = {
			isa = XCBuildConfiguration;
			buildSettings = {
				ALWAYS_SEARCH_USER_PATHS = NO;
				CLANG_ANALYZER_NONNULL = YES;
				CLANG_ANALYZER_NUMBER_OBJECT_CONVERSION = YES_AGGRESSIVE;
				CLANG_CXX_LANGUAGE_STANDARD = "gnu++14";
				CLANG_CXX_LIBRARY = "libc++";
				CLANG_ENABLE_MODULES = YES;
				CLANG_ENABLE_OBJC_ARC = YES;
				CLANG_ENABLE_OBJC_WEAK = YES;
				CLANG_WARN_BLOCK_CAPTURE_AUTORELEASING = YES;
				CLANG_WARN_BOOL_CONVERSION = YES;
				CLANG_WARN_COMMA = YES;
				CLANG_WARN_CONSTANT_CONVERSION = YES;
				CLANG_WARN_DEPRECATED_OBJC_IMPLEMENTATIONS = YES;
				CLANG_WARN_DIRECT_OBJC_ISA_USAGE = YES_ERROR;
				CLANG_WARN_DOCUMENTATION_COMMENTS = YES;
				CLANG_WARN_EMPTY_BODY = YES;
				CLANG_WARN_ENUM_CONVERSION = YES;
				CLANG_WARN_INFINITE_RECURSION = YES;
				CLANG_WARN_INT_CONVERSION = YES;
				CLANG_WARN_NON_LITERAL_NULL_CONVERSION = YES;
				CLANG_WARN_OBJC_IMPLICIT_RETAIN_SELF = YES;
				CLANG_WARN_OBJC_LITERAL_CONVERSION = YES;
				CLANG_WARN_OBJC_ROOT_CLASS = YES_ERROR;
				CLANG_WARN_RANGE_LOOP_ANALYSIS = YES;
				CLANG_WARN_STRICT_PROTOTYPES = YES;
				CLANG_WARN_SUSPICIOUS_MOVE = YES;
				CLANG_WARN_UNGUARDED_AVAILABILITY = YES_AGGRESSIVE;
				CLANG_WARN_UNREACHABLE_CODE = YES;
				CLANG_WARN__DUPLICATE_METHOD_MATCH = YES;
				CODE_SIGN_IDENTITY = "iPhone Developer";
				COPY_PHASE_STRIP = NO;
				DEBUG_INFORMATION_FORMAT = "dwarf-with-dsym";
				ENABLE_NS_ASSERTIONS = NO;
				ENABLE_STRICT_OBJC_MSGSEND = YES;
				GCC_C_LANGUAGE_STANDARD = gnu11;
				GCC_NO_COMMON_BLOCKS = YES;
				GCC_WARN_64_TO_32_BIT_CONVERSION = YES;
				GCC_WARN_ABOUT_RETURN_TYPE = YES_ERROR;
				GCC_WARN_UNDECLARED_SELECTOR = YES;
				GCC_WARN_UNINITIALIZED_AUTOS = YES_AGGRESSIVE;
				GCC_WARN_UNUSED_FUNCTION = YES;
				GCC_WARN_UNUSED_VARIABLE = YES;
				IPHONEOS_DEPLOYMENT_TARGET = 12.1;
				MTL_ENABLE_DEBUG_INFO = NO;
				MTL_FAST_MATH = YES;
				SDKROOT = iphoneos;
				SWIFT_COMPILATION_MODE = wholemodule;
				SWIFT_OPTIMIZATION_LEVEL = "-O";
				VALIDATE_PRODUCT = YES;
			};
			name = Release;
		};
		B53DE5F721E4B17F001DE422 /* Debug */ = {
			isa = XCBuildConfiguration;
			buildSettings = {
				ASSETCATALOG_COMPILER_APPICON_NAME = AppIcon;
				CODE_SIGN_STYLE = Automatic;
				DEVELOPMENT_TEAM = 6RGGTABU42;
				INFOPLIST_FILE = GeofenceApp/Info.plist;
				IPHONEOS_DEPLOYMENT_TARGET = 11.0;
				LD_RUNPATH_SEARCH_PATHS = (
					"$(inherited)",
					"@executable_path/Frameworks",
				);
				PRODUCT_BUNDLE_IDENTIFIER = com.rendj.GeofenceApp;
				PRODUCT_NAME = "$(TARGET_NAME)";
				SWIFT_VERSION = 4.2;
				TARGETED_DEVICE_FAMILY = "1,2";
			};
			name = Debug;
		};
		B53DE5F821E4B17F001DE422 /* Release */ = {
			isa = XCBuildConfiguration;
			buildSettings = {
				ASSETCATALOG_COMPILER_APPICON_NAME = AppIcon;
				CODE_SIGN_STYLE = Automatic;
				DEVELOPMENT_TEAM = 6RGGTABU42;
				INFOPLIST_FILE = GeofenceApp/Info.plist;
				IPHONEOS_DEPLOYMENT_TARGET = 11.0;
				LD_RUNPATH_SEARCH_PATHS = (
					"$(inherited)",
					"@executable_path/Frameworks",
				);
				PRODUCT_BUNDLE_IDENTIFIER = com.rendj.GeofenceApp;
				PRODUCT_NAME = "$(TARGET_NAME)";
				SWIFT_VERSION = 4.2;
				TARGETED_DEVICE_FAMILY = "1,2";
			};
			name = Release;
		};
		B53DE5FA21E4B17F001DE422 /* Debug */ = {
			isa = XCBuildConfiguration;
			buildSettings = {
				ALWAYS_EMBED_SWIFT_STANDARD_LIBRARIES = YES;
				BUNDLE_LOADER = "$(TEST_HOST)";
				CODE_SIGN_STYLE = Automatic;
				INFOPLIST_FILE = GeofenceAppTests/Info.plist;
				LD_RUNPATH_SEARCH_PATHS = (
					"$(inherited)",
					"@executable_path/Frameworks",
					"@loader_path/Frameworks",
				);
				PRODUCT_BUNDLE_IDENTIFIER = com.rendj.GeofenceAppTests;
				PRODUCT_NAME = "$(TARGET_NAME)";
				SWIFT_VERSION = 4.2;
				TARGETED_DEVICE_FAMILY = "1,2";
				TEST_HOST = "$(BUILT_PRODUCTS_DIR)/GeofenceApp.app/GeofenceApp";
			};
			name = Debug;
		};
		B53DE5FB21E4B17F001DE422 /* Release */ = {
			isa = XCBuildConfiguration;
			buildSettings = {
				ALWAYS_EMBED_SWIFT_STANDARD_LIBRARIES = YES;
				BUNDLE_LOADER = "$(TEST_HOST)";
				CODE_SIGN_STYLE = Automatic;
				INFOPLIST_FILE = GeofenceAppTests/Info.plist;
				LD_RUNPATH_SEARCH_PATHS = (
					"$(inherited)",
					"@executable_path/Frameworks",
					"@loader_path/Frameworks",
				);
				PRODUCT_BUNDLE_IDENTIFIER = com.rendj.GeofenceAppTests;
				PRODUCT_NAME = "$(TARGET_NAME)";
				SWIFT_VERSION = 4.2;
				TARGETED_DEVICE_FAMILY = "1,2";
				TEST_HOST = "$(BUILT_PRODUCTS_DIR)/GeofenceApp.app/GeofenceApp";
			};
			name = Release;
		};
/* End XCBuildConfiguration section */

/* Begin XCConfigurationList section */
		B53DE5D421E4B17B001DE422 /* Build configuration list for PBXProject "GeofenceApp" */ = {
			isa = XCConfigurationList;
			buildConfigurations = (
				B53DE5F421E4B17F001DE422 /* Debug */,
				B53DE5F521E4B17F001DE422 /* Release */,
			);
			defaultConfigurationIsVisible = 0;
			defaultConfigurationName = Release;
		};
		B53DE5F621E4B17F001DE422 /* Build configuration list for PBXNativeTarget "GeofenceApp" */ = {
			isa = XCConfigurationList;
			buildConfigurations = (
				B53DE5F721E4B17F001DE422 /* Debug */,
				B53DE5F821E4B17F001DE422 /* Release */,
			);
			defaultConfigurationIsVisible = 0;
			defaultConfigurationName = Release;
		};
		B53DE5F921E4B17F001DE422 /* Build configuration list for PBXNativeTarget "GeofenceAppTests" */ = {
			isa = XCConfigurationList;
			buildConfigurations = (
				B53DE5FA21E4B17F001DE422 /* Debug */,
				B53DE5FB21E4B17F001DE422 /* Release */,
			);
			defaultConfigurationIsVisible = 0;
			defaultConfigurationName = Release;
		};
/* End XCConfigurationList section */
	};
	rootObject = B53DE5D121E4B17B001DE422 /* Project object */;
}
